
Microsoft Visual Studio Solution File, Format Version 12.00
# Visual Studio Version 17
VisualStudioVersion = 17.3.32922.545
MinimumVisualStudioVersion = 10.0.40219.1
Project("{FAE04EC0-301F-11D3-BF4B-00C04F79EFBC}") = "BlazorApp1.Server", "BlazorApp1\Server\BlazorApp1.Server.csproj", "{46CF3AEB-5516-44CA-B1BE-BF4960D1342A}"
EndProject
Project("{FAE04EC0-301F-11D3-BF4B-00C04F79EFBC}") = "BlazorApp1.Client", "BlazorApp1\Client\BlazorApp1.Client.csproj", "{59AB4469-0323-4421-B4A8-C77124037DAA}"
EndProject
Project("{FAE04EC0-301F-11D3-BF4B-00C04F79EFBC}") = "BlazorApp1.Shared", "BlazorApp1\Shared\BlazorApp1.Shared.csproj", "{35016FBC-7377-4C8C-9C07-7D439E0D271C}"
EndProject
Global
	GlobalSection(SolutionConfigurationPlatforms) = preSolution
		Debug|Any CPU = Debug|Any CPU
		Release|Any CPU = Release|Any CPU
	EndGlobalSection
	GlobalSection(ProjectConfigurationPlatforms) = postSolution
		{46CF3AEB-5516-44CA-B1BE-BF4960D1342A}.Debug|Any CPU.ActiveCfg = Debug|Any CPU
		{46CF3AEB-5516-44CA-B1BE-BF4960D1342A}.Debug|Any CPU.Build.0 = Debug|Any CPU
		{46CF3AEB-5516-44CA-B1BE-BF4960D1342A}.Release|Any CPU.ActiveCfg = Release|Any CPU
		{46CF3AEB-5516-44CA-B1BE-BF4960D1342A}.Release|Any CPU.Build.0 = Release|Any CPU
		{59AB4469-0323-4421-B4A8-C77124037DAA}.Debug|Any CPU.ActiveCfg = Debug|Any CPU
		{59AB4469-0323-4421-B4A8-C77124037DAA}.Debug|Any CPU.Build.0 = Debug|Any CPU
		{59AB4469-0323-4421-B4A8-C77124037DAA}.Release|Any CPU.ActiveCfg = Release|Any CPU
		{59AB4469-0323-4421-B4A8-C77124037DAA}.Release|Any CPU.Build.0 = Release|Any CPU
		{35016FBC-7377-4C8C-9C07-7D439E0D271C}.Debug|Any CPU.ActiveCfg = Debug|Any CPU
		{35016FBC-7377-4C8C-9C07-7D439E0D271C}.Debug|Any CPU.Build.0 = Debug|Any CPU
		{35016FBC-7377-4C8C-9C07-7D439E0D271C}.Release|Any CPU.ActiveCfg = Release|Any CPU
		{35016FBC-7377-4C8C-9C07-7D439E0D271C}.Release|Any CPU.Build.0 = Release|Any CPU
	EndGlobalSection
	GlobalSection(SolutionProperties) = preSolution
		HideSolutionNode = FALSE
	EndGlobalSection
	GlobalSection(ExtensibilityGlobals) = postSolution
		SolutionGuid = {C076CE8E-13EC-4C9C-9803-CC24388E4F2C}
	EndGlobalSection
EndGlobal
